// !$*UTF8*$!
{
	archiveVersion = 1;
	classes = {
	};
	objectVersion = 50;
	objects = {

/* Begin PBXBuildFile section */
		3E0DE32E219E736D002FC96A /* AppInfoCell.swift in Sources */ = {isa = PBXBuildFile; fileRef = 3E0DE32D219E736D002FC96A /* AppInfoCell.swift */; };
		3E2B2A0D2198BC1C0017BB2E /* AppDelegate.swift in Sources */ = {isa = PBXBuildFile; fileRef = 3E2B2A0C2198BC1C0017BB2E /* AppDelegate.swift */; };
		3E2B2A0F2198BC1C0017BB2E /* ViewController.swift in Sources */ = {isa = PBXBuildFile; fileRef = 3E2B2A0E2198BC1C0017BB2E /* ViewController.swift */; };
		3E2B2A122198BC1C0017BB2E /* Main.storyboard in Resources */ = {isa = PBXBuildFile; fileRef = 3E2B2A102198BC1C0017BB2E /* Main.storyboard */; };
		3E2B2A142198BC1E0017BB2E /* Assets.xcassets in Resources */ = {isa = PBXBuildFile; fileRef = 3E2B2A132198BC1E0017BB2E /* Assets.xcassets */; };
		3E2B2A172198BC1E0017BB2E /* LaunchScreen.storyboard in Resources */ = {isa = PBXBuildFile; fileRef = 3E2B2A152198BC1E0017BB2E /* LaunchScreen.storyboard */; };
		3E2B2A1F2198CACC0017BB2E /* CategoryCell.swift in Sources */ = {isa = PBXBuildFile; fileRef = 3E2B2A1E2198CACC0017BB2E /* CategoryCell.swift */; };
		3E2B2A23219949F30017BB2E /* DataModel.swift in Sources */ = {isa = PBXBuildFile; fileRef = 3E2B2A22219949F30017BB2E /* DataModel.swift */; };
		3EB0B867219B3C1800B97E08 /* AppDetailController.swift in Sources */ = {isa = PBXBuildFile; fileRef = 3EB0B866219B3C1800B97E08 /* AppDetailController.swift */; };
		3EFE4802219BF651007BBC46 /* ScreenShotsCell.swift in Sources */ = {isa = PBXBuildFile; fileRef = 3EFE4801219BF651007BBC46 /* ScreenShotsCell.swift */; };
/* End PBXBuildFile section */

/* Begin PBXFileReference section */
		3E0DE32D219E736D002FC96A /* AppInfoCell.swift */ = {isa = PBXFileReference; lastKnownFileType = sourcecode.swift; path = AppInfoCell.swift; sourceTree = "<group>"; };
		3E2B2A092198BC1C0017BB2E /* AppStore.app */ = {isa = PBXFileReference; explicitFileType = wrapper.application; includeInIndex = 0; path = AppStore.app; sourceTree = BUILT_PRODUCTS_DIR; };
		3E2B2A0C2198BC1C0017BB2E /* AppDelegate.swift */ = {isa = PBXFileReference; lastKnownFileType = sourcecode.swift; path = AppDelegate.swift; sourceTree = "<group>"; };
		3E2B2A0E2198BC1C0017BB2E /* ViewController.swift */ = {isa = PBXFileReference; lastKnownFileType = sourcecode.swift; path = ViewController.swift; sourceTree = "<group>"; };
		3E2B2A112198BC1C0017BB2E /* Base */ = {isa = PBXFileReference; lastKnownFileType = file.storyboard; name = Base; path = Base.lproj/Main.storyboard; sourceTree = "<group>"; };
		3E2B2A132198BC1E0017BB2E /* Assets.xcassets */ = {isa = PBXFileReference; lastKnownFileType = folder.assetcatalog; path = Assets.xcassets; sourceTree = "<group>"; };
		3E2B2A162198BC1E0017BB2E /* Base */ = {isa = PBXFileReference; lastKnownFileType = file.storyboard; name = Base; path = Base.lproj/LaunchScreen.storyboard; sourceTree = "<group>"; };
		3E2B2A182198BC1E0017BB2E /* Info.plist */ = {isa = PBXFileReference; lastKnownFileType = text.plist.xml; path = Info.plist; sourceTree = "<group>"; };
		3E2B2A1E2198CACC0017BB2E /* CategoryCell.swift */ = {isa = PBXFileReference; lastKnownFileType = sourcecode.swift; path = CategoryCell.swift; sourceTree = "<group>"; };
		3E2B2A22219949F30017BB2E /* DataModel.swift */ = {isa = PBXFileReference; lastKnownFileType = sourcecode.swift; path = DataModel.swift; sourceTree = "<group>"; };
		3EB0B866219B3C1800B97E08 /* AppDetailController.swift */ = {isa = PBXFileReference; lastKnownFileType = sourcecode.swift; path = AppDetailController.swift; sourceTree = "<group>"; };
		3EFE4801219BF651007BBC46 /* ScreenShotsCell.swift */ = {isa = PBXFileReference; lastKnownFileType = sourcecode.swift; path = ScreenShotsCell.swift; sourceTree = "<group>"; };
/* End PBXFileReference section */

/* Begin PBXFrameworksBuildPhase section */
		3E2B2A062198BC1C0017BB2E /* Frameworks */ = {
			isa = PBXFrameworksBuildPhase;
			buildActionMask = 2147483647;
			files = (
			);
			runOnlyForDeploymentPostprocessing = 0;
		};
/* End PBXFrameworksBuildPhase section */

/* Begin PBXGroup section */
		3E2B2A002198BC1C0017BB2E = {
			isa = PBXGroup;
			children = (
				3E2B2A0B2198BC1C0017BB2E /* AppStore */,
				3E2B2A0A2198BC1C0017BB2E /* Products */,
			);
			sourceTree = "<group>";
		};
		3E2B2A0A2198BC1C0017BB2E /* Products */ = {
			isa = PBXGroup;
			children = (
				3E2B2A092198BC1C0017BB2E /* AppStore.app */,
			);
			name = Products;
			sourceTree = "<group>";
		};
		3E2B2A0B2198BC1C0017BB2E /* AppStore */ = {
			isa = PBXGroup;
			children = (
				3E2B2A0C2198BC1C0017BB2E /* AppDelegate.swift */,
				3E2B2A0E2198BC1C0017BB2E /* ViewController.swift */,
				3EB0B866219B3C1800B97E08 /* AppDetailController.swift */,
				3E2B2A1E2198CACC0017BB2E /* CategoryCell.swift */,
				3EFE4801219BF651007BBC46 /* ScreenShotsCell.swift */,
				3E0DE32D219E736D002FC96A /* AppInfoCell.swift */,
				3E2B2A22219949F30017BB2E /* DataModel.swift */,
				3E2B2A102198BC1C0017BB2E /* Main.storyboard */,
				3E2B2A132198BC1E0017BB2E /* Assets.xcassets */,
				3E2B2A152198BC1E0017BB2E /* LaunchScreen.storyboard */,
				3E2B2A182198BC1E0017BB2E /* Info.plist */,
			);
			path = AppStore;
			sourceTree = "<group>";
		};
/* End PBXGroup section */

/* Begin PBXNativeTarget section */
		3E2B2A082198BC1C0017BB2E /* AppStore */ = {
			isa = PBXNativeTarget;
			buildConfigurationList = 3E2B2A1B2198BC1E0017BB2E /* Build configuration list for PBXNativeTarget "AppStore" */;
			buildPhases = (
				3E2B2A052198BC1C0017BB2E /* Sources */,
				3E2B2A062198BC1C0017BB2E /* Frameworks */,
				3E2B2A072198BC1C0017BB2E /* Resources */,
			);
			buildRules = (
			);
			dependencies = (
			);
			name = AppStore;
			productName = AppStore;
			productReference = 3E2B2A092198BC1C0017BB2E /* AppStore.app */;
			productType = "com.apple.product-type.application";
		};
/* End PBXNativeTarget section */

/* Begin PBXProject section */
		3E2B2A012198BC1C0017BB2E /* Project object */ = {
			isa = PBXProject;
			attributes = {
				LastSwiftUpdateCheck = 1010;
				LastUpgradeCheck = 1010;
				ORGANIZATIONNAME = "Raul Mena";
				TargetAttributes = {
					3E2B2A082198BC1C0017BB2E = {
						CreatedOnToolsVersion = 10.1;
					};
				};
			};
			buildConfigurationList = 3E2B2A042198BC1C0017BB2E /* Build configuration list for PBXProject "AppStore" */;
			compatibilityVersion = "Xcode 9.3";
			developmentRegion = en;
			hasScannedForEncodings = 0;
			knownRegions = (
				en,
				Base,
			);
			mainGroup = 3E2B2A002198BC1C0017BB2E;
			productRefGroup = 3E2B2A0A2198BC1C0017BB2E /* Products */;
			projectDirPath = "";
			projectRoot = "";
			targets = (
				3E2B2A082198BC1C0017BB2E /* AppStore */,
			);
		};
/* End PBXProject section */

/* Begin PBXResourcesBuildPhase section */
		3E2B2A072198BC1C0017BB2E /* Resources */ = {
			isa = PBXResourcesBuildPhase;
			buildActionMask = 2147483647;
			files = (
				3E2B2A172198BC1E0017BB2E /* LaunchScreen.storyboard in Resources */,
				3E2B2A142198BC1E0017BB2E /* Assets.xcassets in Resources */,
				3E2B2A122198BC1C0017BB2E /* Main.storyboard in Resources */,
			);
			runOnlyForDeploymentPostprocessing = 0;
		};
/* End PBXResourcesBuildPhase section */

/* Begin PBXSourcesBuildPhase section */
		3E2B2A052198BC1C0017BB2E /* Sources */ = {
			isa = PBXSourcesBuildPhase;
			buildActionMask = 2147483647;
			files = (
				3EB0B867219B3C1800B97E08 /* AppDetailController.swift in Sources */,
				3E2B2A23219949F30017BB2E /* DataModel.swift in Sources */,
				3E2B2A0F2198BC1C0017BB2E /* ViewController.swift in Sources */,
				3E0DE32E219E736D002FC96A /* AppInfoCell.swift in Sources */,
				3EFE4802219BF651007BBC46 /* ScreenShotsCell.swift in Sources */,
				3E2B2A0D2198BC1C0017BB2E /* AppDelegate.swift in Sources */,
				3E2B2A1F2198CACC0017BB2E /* CategoryCell.swift in Sources */,
			);
			runOnlyForDeploymentPostprocessing = 0;
		};
/* End PBXSourcesBuildPhase section */

/* Begin PBXVariantGroup section */
		3E2B2A102198BC1C0017BB2E /* Main.storyboard */ = {
			isa = PBXVariantGroup;
			children = (
				3E2B2A112198BC1C0017BB2E /* Base */,
			);
			name = Main.storyboard;
			sourceTree = "<group>";
		};
		3E2B2A152198BC1E0017BB2E /* LaunchScreen.storyboard */ = {
			isa = PBXVariantGroup;
			children = (
				3E2B2A162198BC1E0017BB2E /* Base */,
			);
			name = LaunchScreen.storyboard;
			sourceTree = "<group>";
		};
/* End PBXVariantGroup section */

/* Begin XCBuildConfiguration section */
		3E2B2A192198BC1E0017BB2E /* Debug */ = {
			isa = XCBuildConfiguration;
			buildSettings = {
				ALWAYS_SEARCH_USER_PATHS = NO;
				CLANG_ANALYZER_NONNULL = YES;
				CLANG_ANALYZER_NUMBER_OBJECT_CONVERSION = YES_AGGRESSIVE;
				CLANG_CXX_LANGUAGE_STANDARD = "gnu++14";
				CLANG_CXX_LIBRARY = "libc++";
				CLANG_ENABLE_MODULES = YES;
				CLANG_ENABLE_OBJC_ARC = YES;
				CLANG_ENABLE_OBJC_WEAK = YES;
				CLANG_WARN_BLOCK_CAPTURE_AUTORELEASING = YES;
				CLANG_WARN_BOOL_CONVERSION = YES;
				CLANG_WARN_COMMA = YES;
				CLANG_WARN_CONSTANT_CONVERSION = YES;
				CLANG_WARN_DEPRECATED_OBJC_IMPLEMENTATIONS = YES;
				CLANG_WARN_DIRECT_OBJC_ISA_USAGE = YES_ERROR;
				CLANG_WARN_DOCUMENTATION_COMMENTS = YES;
				CLANG_WARN_EMPTY_BODY = YES;
				CLANG_WARN_ENUM_CONVERSION = YES;
				CLANG_WARN_INFINITE_RECURSION = YES;
				CLANG_WARN_INT_CONVERSION = YES;
				CLANG_WARN_NON_LITERAL_NULL_CONVERSION = YES;
				CLANG_WARN_OBJC_IMPLICIT_RETAIN_SELF = YES;
				CLANG_WARN_OBJC_LITERAL_CONVERSION = YES;
				CLANG_WARN_OBJC_ROOT_CLASS = YES_ERROR;
				CLANG_WARN_RANGE_LOOP_ANALYSIS = YES;
				CLANG_WARN_STRICT_PROTOTYPES = YES;
				CLANG_WARN_SUSPICIOUS_MOVE = YES;
				CLANG_WARN_UNGUARDED_AVAILABILITY = YES_AGGRESSIVE;
				CLANG_WARN_UNREACHABLE_CODE = YES;
				CLANG_WARN__DUPLICATE_METHOD_MATCH = YES;
				CODE_SIGN_IDENTITY = "iPhone Developer";
				COPY_PHASE_STRIP = NO;
				DEBUG_INFORMATION_FORMAT = dwarf;
				ENABLE_STRICT_OBJC_MSGSEND = YES;
				ENABLE_TESTABILITY = YES;
				GCC_C_LANGUAGE_STANDARD = gnu11;
				GCC_DYNAMIC_NO_PIC = NO;
				GCC_NO_COMMON_BLOCKS = YES;
				GCC_OPTIMIZATION_LEVEL = 0;
				GCC_PREPROCESSOR_DEFINITIONS = (
					"DEBUG=1",
					"$(inherited)",
				);
				GCC_WARN_64_TO_32_BIT_CONVERSION = YES;
				GCC_WARN_ABOUT_RETURN_TYPE = YES_ERROR;
				GCC_WARN_UNDECLARED_SELECTOR = YES;
				GCC_WARN_UNINITIALIZED_AUTOS = YES_AGGRESSIVE;
				GCC_WARN_UNUSED_FUNCTION = YES;
				GCC_WARN_UNUSED_VARIABLE = YES;
				IPHONEOS_DEPLOYMENT_TARGET = 12.1;
				MTL_ENABLE_DEBUG_INFO = INCLUDE_SOURCE;
				MTL_FAST_MATH = YES;
				ONLY_ACTIVE_ARCH = YES;
				SDKROOT = iphoneos;
				SWIFT_ACTIVE_COMPILATION_CONDITIONS = DEBUG;
				SWIFT_OPTIMIZATION_LEVEL = "-Onone";
			};
			name = Debug;
		};
		3E2B2A1A2198BC1E0017BB2E /* Release */ = {
			isa = XCBuildConfiguration;
			buildSettings = {
				ALWAYS_SEARCH_USER_PATHS = NO;
				CLANG_ANALYZER_NONNULL = YES;
				CLANG_ANALYZER_NUMBER_OBJECT_CONVERSION = YES_AGGRESSIVE;
				CLANG_CXX_LANGUAGE_STANDARD = "gnu++14";
				CLANG_CXX_LIBRARY = "libc++";
				CLANG_ENABLE_MODULES = YES;
				CLANG_ENABLE_OBJC_ARC = YES;
				CLANG_ENABLE_OBJC_WEAK = YES;
				CLANG_WARN_BLOCK_CAPTURE_AUTORELEASING = YES;
				CLANG_WARN_BOOL_CONVERSION = YES;
				CLANG_WARN_COMMA = YES;
				CLANG_WARN_CONSTANT_CONVERSION = YES;
				CLANG_WARN_DEPRECATED_OBJC_IMPLEMENTATIONS = YES;
				CLANG_WARN_DIRECT_OBJC_ISA_USAGE = YES_ERROR;
				CLANG_WARN_DOCUMENTATION_COMMENTS = YES;
				CLANG_WARN_EMPTY_BODY = YES;
				CLANG_WARN_ENUM_CONVERSION = YES;
				CLANG_WARN_INFINITE_RECURSION = YES;
				CLANG_WARN_INT_CONVERSION = YES;
				CLANG_WARN_NON_LITERAL_NULL_CONVERSION = YES;
				CLANG_WARN_OBJC_IMPLICIT_RETAIN_SELF = YES;
				CLANG_WARN_OBJC_LITERAL_CONVERSION = YES;
				CLANG_WARN_OBJC_ROOT_CLASS = YES_ERROR;
				CLANG_WARN_RANGE_LOOP_ANALYSIS = YES;
				CLANG_WARN_STRICT_PROTOTYPES = YES;
				CLANG_WARN_SUSPICIOUS_MOVE = YES;
				CLANG_WARN_UNGUARDED_AVAILABILITY = YES_AGGRESSIVE;
				CLANG_WARN_UNREACHABLE_CODE = YES;
				CLANG_WARN__DUPLICATE_METHOD_MATCH = YES;
				CODE_SIGN_IDENTITY = "iPhone Developer";
				COPY_PHASE_STRIP = NO;
				DEBUG_INFORMATION_FORMAT = "dwarf-with-dsym";
				ENABLE_NS_ASSERTIONS = NO;
				ENABLE_STRICT_OBJC_MSGSEND = YES;
				GCC_C_LANGUAGE_STANDARD = gnu11;
				GCC_NO_COMMON_BLOCKS = YES;
				GCC_WARN_64_TO_32_BIT_CONVERSION = YES;
				GCC_WARN_ABOUT_RETURN_TYPE = YES_ERROR;
				GCC_WARN_UNDECLARED_SELECTOR = YES;
				GCC_WARN_UNINITIALIZED_AUTOS = YES_AGGRESSIVE;
				GCC_WARN_UNUSED_FUNCTION = YES;
				GCC_WARN_UNUSED_VARIABLE = YES;
				IPHONEOS_DEPLOYMENT_TARGET = 12.1;
				MTL_ENABLE_DEBUG_INFO = NO;
				MTL_FAST_MATH = YES;
				SDKROOT = iphoneos;
				SWIFT_COMPILATION_MODE = wholemodule;
				SWIFT_OPTIMIZATION_LEVEL = "-O";
				VALIDATE_PRODUCT = YES;
			};
			name = Release;
		};
		3E2B2A1C2198BC1E0017BB2E /* Debug */ = {
			isa = XCBuildConfiguration;
			buildSettings = {
				ASSETCATALOG_COMPILER_APPICON_NAME = AppIcon;
				CODE_SIGN_STYLE = Automatic;
				DEVELOPMENT_TEAM = 74Q66W826L;
				INFOPLIST_FILE = AppStore/Info.plist;
				LD_RUNPATH_SEARCH_PATHS = (
					"$(inherited)",
					"@executable_path/Frameworks",
				);
				PRODUCT_BUNDLE_IDENTIFIER = com.HOME.AppStore;
				PRODUCT_NAME = "$(TARGET_NAME)";
				SWIFT_VERSION = 4.2;
				TARGETED_DEVICE_FAMILY = "1,2";
			};
			name = Debug;
		};
		3E2B2A1D2198BC1E0017BB2E /* Release */ = {
			isa = XCBuildConfiguration;
			buildSettings = {
				ASSETCATALOG_COMPILER_APPICON_NAME = AppIcon;
				CODE_SIGN_STYLE = Automatic;
				DEVELOPMENT_TEAM = 74Q66W826L;
				INFOPLIST_FILE = AppStore/Info.plist;
				LD_RUNPATH_SEARCH_PATHS = (
					"$(inherited)",
					"@executable_path/Frameworks",
				);
				PRODUCT_BUNDLE_IDENTIFIER = com.HOME.AppStore;
				PRODUCT_NAME = "$(TARGET_NAME)";
				SWIFT_VERSION = 4.2;
				TARGETED_DEVICE_FAMILY = "1,2";
			};
			name = Release;
		};
/* End XCBuildConfiguration section */

/* Begin XCConfigurationList section */
		3E2B2A042198BC1C0017BB2E /* Build configuration list for PBXProject "AppStore" */ = {
			isa = XCConfigurationList;
			buildConfigurations = (
				3E2B2A192198BC1E0017BB2E /* Debug */,
				3E2B2A1A2198BC1E0017BB2E /* Release */,
			);
			defaultConfigurationIsVisible = 0;
			defaultConfigurationName = Release;
		};
		3E2B2A1B2198BC1E0017BB2E /* Build configuration list for PBXNativeTarget "AppStore" */ = {
			isa = XCConfigurationList;
			buildConfigurations = (
				3E2B2A1C2198BC1E0017BB2E /* Debug */,
				3E2B2A1D2198BC1E0017BB2E /* Release */,
			);
			defaultConfigurationIsVisible = 0;
			defaultConfigurationName = Release;
		};
/* End XCConfigurationList section */
	};
	rootObject = 3E2B2A012198BC1C0017BB2E /* Project object */;
}
